
Microsoft Visual Studio Solution File, Format Version 12.00
# Visual Studio Version 17
VisualStudioVersion = 17.3.32901.215
MinimumVisualStudioVersion = 10.0.40219.1
Project("{FAE04EC0-301F-11D3-BF4B-00C04F79EFBC}") = "Testavimas", "Testavimas\Testavimas.csproj", "{58F22E84-73EA-4BBE-A998-76D1218B8599}"
EndProject
Global
	GlobalSection(SolutionConfigurationPlatforms) = preSolution
		Debug|Any CPU = Debug|Any CPU
		Release|Any CPU = Release|Any CPU
	EndGlobalSection
	GlobalSection(ProjectConfigurationPlatforms) = postSolution
		{58F22E84-73EA-4BBE-A998-76D1218B8599}.Debug|Any CPU.ActiveCfg = Debug|Any CPU
		{58F22E84-73EA-4BBE-A998-76D1218B8599}.Debug|Any CPU.Build.0 = Debug|Any CPU
		{58F22E84-73EA-4BBE-A998-76D1218B8599}.Release|Any CPU.ActiveCfg = Release|Any CPU
		{58F22E84-73EA-4BBE-A998-76D1218B8599}.Release|Any CPU.Build.0 = Release|Any CPU
	EndGlobalSection
	GlobalSection(SolutionProperties) = preSolution
		HideSolutionNode = FALSE
	EndGlobalSection
	GlobalSection(ExtensibilityGlobals) = postSolution
		SolutionGuid = {F25D4708-BAA5-4E29-81E2-3905BC8F7FEF}
	EndGlobalSection
EndGlobal
